
Microsoft Visual Studio Solution File, Format Version 12.00
# Visual Studio Version 16
VisualStudioVersion = 16.0.28803.156
MinimumVisualStudioVersion = 10.0.40219.1
Project("{FAE04EC0-301F-11D3-BF4B-00C04F79EFBC}") = "EmotionAnalyticsManagerCore", "EmotionAnalyticsManagerCore\EmotionAnalyticsManagerCore.csproj", "{06964E2D-9486-4193-86B5-92A4DEFC5D89}"
EndProject
Project("{9A19103F-16F7-4668-BE54-9A1E7A4F7556}") = "EmotionAnalyticsManagerCoreStandard", "EmotionAnalyticsManagerCoreStandard\EmotionAnalyticsManagerCoreStandard.csproj", "{6119AADD-D688-4B2B-87AC-478BA490B9CD}"
EndProject
Project("{9A19103F-16F7-4668-BE54-9A1E7A4F7556}") = "EmotionAnalyticsManagerBotFWCore", "EmotionAnalyticsManagerBotFWCore\EmotionAnalyticsManagerBotFWCore.csproj", "{DEDC8CE7-8788-4605-9926-D988F393927A}"
EndProject
Project("{FAE04EC0-301F-11D3-BF4B-00C04F79EFBC}") = "EmotionAnalyticsManagerBotFWCoreAF", "EmotionAnalyticsManagerBotFWCoreAF\EmotionAnalyticsManagerBotFWCoreAF.csproj", "{5BB1E4B0-79C3-4044-8572-A5EB8980EF0F}"
EndProject
Global
	GlobalSection(SolutionConfigurationPlatforms) = preSolution
		Debug|Any CPU = Debug|Any CPU
		Debug|ARM = Debug|ARM
		Debug|x64 = Debug|x64
		Debug|x86 = Debug|x86
		Release|Any CPU = Release|Any CPU
		Release|ARM = Release|ARM
		Release|x64 = Release|x64
		Release|x86 = Release|x86
	EndGlobalSection
	GlobalSection(ProjectConfigurationPlatforms) = postSolution
		{06964E2D-9486-4193-86B5-92A4DEFC5D89}.Debug|Any CPU.ActiveCfg = Debug|Any CPU
		{06964E2D-9486-4193-86B5-92A4DEFC5D89}.Debug|Any CPU.Build.0 = Debug|Any CPU
		{06964E2D-9486-4193-86B5-92A4DEFC5D89}.Debug|ARM.ActiveCfg = Debug|Any CPU
		{06964E2D-9486-4193-86B5-92A4DEFC5D89}.Debug|ARM.Build.0 = Debug|Any CPU
		{06964E2D-9486-4193-86B5-92A4DEFC5D89}.Debug|x64.ActiveCfg = Debug|Any CPU
		{06964E2D-9486-4193-86B5-92A4DEFC5D89}.Debug|x64.Build.0 = Debug|Any CPU
		{06964E2D-9486-4193-86B5-92A4DEFC5D89}.Debug|x86.ActiveCfg = Debug|Any CPU
		{06964E2D-9486-4193-86B5-92A4DEFC5D89}.Debug|x86.Build.0 = Debug|Any CPU
		{06964E2D-9486-4193-86B5-92A4DEFC5D89}.Release|Any CPU.ActiveCfg = Release|Any CPU
		{06964E2D-9486-4193-86B5-92A4DEFC5D89}.Release|Any CPU.Build.0 = Release|Any CPU
		{06964E2D-9486-4193-86B5-92A4DEFC5D89}.Release|ARM.ActiveCfg = Release|Any CPU
		{06964E2D-9486-4193-86B5-92A4DEFC5D89}.Release|ARM.Build.0 = Release|Any CPU
		{06964E2D-9486-4193-86B5-92A4DEFC5D89}.Release|x64.ActiveCfg = Release|Any CPU
		{06964E2D-9486-4193-86B5-92A4DEFC5D89}.Release|x64.Build.0 = Release|Any CPU
		{06964E2D-9486-4193-86B5-92A4DEFC5D89}.Release|x86.ActiveCfg = Release|Any CPU
		{06964E2D-9486-4193-86B5-92A4DEFC5D89}.Release|x86.Build.0 = Release|Any CPU
		{6119AADD-D688-4B2B-87AC-478BA490B9CD}.Debug|Any CPU.ActiveCfg = Debug|Any CPU
		{6119AADD-D688-4B2B-87AC-478BA490B9CD}.Debug|Any CPU.Build.0 = Debug|Any CPU
		{6119AADD-D688-4B2B-87AC-478BA490B9CD}.Debug|ARM.ActiveCfg = Debug|Any CPU
		{6119AADD-D688-4B2B-87AC-478BA490B9CD}.Debug|ARM.Build.0 = Debug|Any CPU
		{6119AADD-D688-4B2B-87AC-478BA490B9CD}.Debug|x64.ActiveCfg = Debug|Any CPU
		{6119AADD-D688-4B2B-87AC-478BA490B9CD}.Debug|x64.Build.0 = Debug|Any CPU
		{6119AADD-D688-4B2B-87AC-478BA490B9CD}.Debug|x86.ActiveCfg = Debug|Any CPU
		{6119AADD-D688-4B2B-87AC-478BA490B9CD}.Debug|x86.Build.0 = Debug|Any CPU
		{6119AADD-D688-4B2B-87AC-478BA490B9CD}.Release|Any CPU.ActiveCfg = Release|Any CPU
		{6119AADD-D688-4B2B-87AC-478BA490B9CD}.Release|Any CPU.Build.0 = Release|Any CPU
		{6119AADD-D688-4B2B-87AC-478BA490B9CD}.Release|ARM.ActiveCfg = Release|Any CPU
		{6119AADD-D688-4B2B-87AC-478BA490B9CD}.Release|ARM.Build.0 = Release|Any CPU
		{6119AADD-D688-4B2B-87AC-478BA490B9CD}.Release|x64.ActiveCfg = Release|Any CPU
		{6119AADD-D688-4B2B-87AC-478BA490B9CD}.Release|x64.Build.0 = Release|Any CPU
		{6119AADD-D688-4B2B-87AC-478BA490B9CD}.Release|x86.ActiveCfg = Release|Any CPU
		{6119AADD-D688-4B2B-87AC-478BA490B9CD}.Release|x86.Build.0 = Release|Any CPU
		{DEDC8CE7-8788-4605-9926-D988F393927A}.Debug|Any CPU.ActiveCfg = Debug|Any CPU
		{DEDC8CE7-8788-4605-9926-D988F393927A}.Debug|Any CPU.Build.0 = Debug|Any CPU
		{DEDC8CE7-8788-4605-9926-D988F393927A}.Debug|ARM.ActiveCfg = Debug|Any CPU
		{DEDC8CE7-8788-4605-9926-D988F393927A}.Debug|ARM.Build.0 = Debug|Any CPU
		{DEDC8CE7-8788-4605-9926-D988F393927A}.Debug|x64.ActiveCfg = Debug|Any CPU
		{DEDC8CE7-8788-4605-9926-D988F393927A}.Debug|x64.Build.0 = Debug|Any CPU
		{DEDC8CE7-8788-4605-9926-D988F393927A}.Debug|x86.ActiveCfg = Debug|Any CPU
		{DEDC8CE7-8788-4605-9926-D988F393927A}.Debug|x86.Build.0 = Debug|Any CPU
		{DEDC8CE7-8788-4605-9926-D988F393927A}.Release|Any CPU.ActiveCfg = Release|Any CPU
		{DEDC8CE7-8788-4605-9926-D988F393927A}.Release|Any CPU.Build.0 = Release|Any CPU
		{DEDC8CE7-8788-4605-9926-D988F393927A}.Release|ARM.ActiveCfg = Release|Any CPU
		{DEDC8CE7-8788-4605-9926-D988F393927A}.Release|ARM.Build.0 = Release|Any CPU
		{DEDC8CE7-8788-4605-9926-D988F393927A}.Release|x64.ActiveCfg = Release|Any CPU
		{DEDC8CE7-8788-4605-9926-D988F393927A}.Release|x64.Build.0 = Release|Any CPU
		{DEDC8CE7-8788-4605-9926-D988F393927A}.Release|x86.ActiveCfg = Release|Any CPU
		{DEDC8CE7-8788-4605-9926-D988F393927A}.Release|x86.Build.0 = Release|Any CPU
		{5BB1E4B0-79C3-4044-8572-A5EB8980EF0F}.Debug|Any CPU.ActiveCfg = Debug|Any CPU
		{5BB1E4B0-79C3-4044-8572-A5EB8980EF0F}.Debug|Any CPU.Build.0 = Debug|Any CPU
		{5BB1E4B0-79C3-4044-8572-A5EB8980EF0F}.Debug|ARM.ActiveCfg = Debug|Any CPU
		{5BB1E4B0-79C3-4044-8572-A5EB8980EF0F}.Debug|ARM.Build.0 = Debug|Any CPU
		{5BB1E4B0-79C3-4044-8572-A5EB8980EF0F}.Debug|x64.ActiveCfg = Debug|Any CPU
		{5BB1E4B0-79C3-4044-8572-A5EB8980EF0F}.Debug|x64.Build.0 = Debug|Any CPU
		{5BB1E4B0-79C3-4044-8572-A5EB8980EF0F}.Debug|x86.ActiveCfg = Debug|Any CPU
		{5BB1E4B0-79C3-4044-8572-A5EB8980EF0F}.Debug|x86.Build.0 = Debug|Any CPU
		{5BB1E4B0-79C3-4044-8572-A5EB8980EF0F}.Release|Any CPU.ActiveCfg = Release|Any CPU
		{5BB1E4B0-79C3-4044-8572-A5EB8980EF0F}.Release|Any CPU.Build.0 = Release|Any CPU
		{5BB1E4B0-79C3-4044-8572-A5EB8980EF0F}.Release|ARM.ActiveCfg = Release|Any CPU
		{5BB1E4B0-79C3-4044-8572-A5EB8980EF0F}.Release|ARM.Build.0 = Release|Any CPU
		{5BB1E4B0-79C3-4044-8572-A5EB8980EF0F}.Release|x64.ActiveCfg = Release|Any CPU
		{5BB1E4B0-79C3-4044-8572-A5EB8980EF0F}.Release|x64.Build.0 = Release|Any CPU
		{5BB1E4B0-79C3-4044-8572-A5EB8980EF0F}.Release|x86.ActiveCfg = Release|Any CPU
		{5BB1E4B0-79C3-4044-8572-A5EB8980EF0F}.Release|x86.Build.0 = Release|Any CPU
	EndGlobalSection
	GlobalSection(SolutionProperties) = preSolution
		HideSolutionNode = FALSE
	EndGlobalSection
	GlobalSection(ExtensibilityGlobals) = postSolution
		SolutionGuid = {F2249F85-1BE9-4E6B-A304-142DF13FBFFE}
	EndGlobalSection
EndGlobal
